
Microsoft Visual Studio Solution File, Format Version 12.00
# Visual Studio 2013
VisualStudioVersion = 12.0.30501.0
MinimumVisualStudioVersion = 10.0.40219.1
Project("{FAE04EC0-301F-11D3-BF4B-00C04F79EFBC}") = "AssistantRobot", "AssistantRobot\AssistantRobot.csproj", "{60DC4B28-CA19-4E63-B0DF-CAC112EA44E1}"
	ProjectSection(ProjectDependencies) = postProject
		{C57AA706-A7E7-4E15-8D1E-7664E74AEEB6} = {C57AA706-A7E7-4E15-8D1E-7664E74AEEB6}
		{FDDD3E6A-6FB0-4CB3-B484-F027D7A86B41} = {FDDD3E6A-6FB0-4CB3-B484-F027D7A86B41}
		{F65BF475-A092-4C3F-BCA5-48ACC02576D8} = {F65BF475-A092-4C3F-BCA5-48ACC02576D8}
		{DA6EE57F-3C17-4BD1-9FE1-A01302A1F21F} = {DA6EE57F-3C17-4BD1-9FE1-A01302A1F21F}
		{56FC8E96-5E68-45D0-8081-3B9A76D02780} = {56FC8E96-5E68-45D0-8081-3B9A76D02780}
		{B7C6F5BE-A5DE-450B-B45B-27F31594558D} = {B7C6F5BE-A5DE-450B-B45B-27F31594558D}
		{7B7DE3DB-5828-4297-806C-1BC30ACDF247} = {7B7DE3DB-5828-4297-806C-1BC30ACDF247}
		{EFAAD1F2-A8B2-408B-96D5-A0CC2300AEE1} = {EFAAD1F2-A8B2-408B-96D5-A0CC2300AEE1}
	EndProjectSection
EndProject
Project("{FAE04EC0-301F-11D3-BF4B-00C04F79EFBC}") = "LogAgent", "LogAgent\LogAgent.csproj", "{FDDD3E6A-6FB0-4CB3-B484-F027D7A86B41}"
EndProject
Project("{FAE04EC0-301F-11D3-BF4B-00C04F79EFBC}") = "MathAgent", "MathAgent\MathAgent.csproj", "{7B7DE3DB-5828-4297-806C-1BC30ACDF247}"
EndProject
Project("{FAE04EC0-301F-11D3-BF4B-00C04F79EFBC}") = "ResourceAgent", "ResourceAgent\ResourceAgent.csproj", "{C57AA706-A7E7-4E15-8D1E-7664E74AEEB6}"
	ProjectSection(ProjectDependencies) = postProject
		{FDDD3E6A-6FB0-4CB3-B484-F027D7A86B41} = {FDDD3E6A-6FB0-4CB3-B484-F027D7A86B41}
	EndProjectSection
EndProject
Project("{FAE04EC0-301F-11D3-BF4B-00C04F79EFBC}") = "DataBaseAgent", "DataBaseAgent\DataBaseAgent.csproj", "{EFAAD1F2-A8B2-408B-96D5-A0CC2300AEE1}"
	ProjectSection(ProjectDependencies) = postProject
		{FDDD3E6A-6FB0-4CB3-B484-F027D7A86B41} = {FDDD3E6A-6FB0-4CB3-B484-F027D7A86B41}
	EndProjectSection
EndProject
Project("{FAE04EC0-301F-11D3-BF4B-00C04F79EFBC}") = "URAgent", "URAgent\URAgent.csproj", "{F65BF475-A092-4C3F-BCA5-48ACC02576D8}"
	ProjectSection(ProjectDependencies) = postProject
		{FDDD3E6A-6FB0-4CB3-B484-F027D7A86B41} = {FDDD3E6A-6FB0-4CB3-B484-F027D7A86B41}
		{7B7DE3DB-5828-4297-806C-1BC30ACDF247} = {7B7DE3DB-5828-4297-806C-1BC30ACDF247}
	EndProjectSection
EndProject
Project("{FAE04EC0-301F-11D3-BF4B-00C04F79EFBC}") = "XMLAgent", "XMLAgent\XMLAgent.csproj", "{56FC8E96-5E68-45D0-8081-3B9A76D02780}"
	ProjectSection(ProjectDependencies) = postProject
		{FDDD3E6A-6FB0-4CB3-B484-F027D7A86B41} = {FDDD3E6A-6FB0-4CB3-B484-F027D7A86B41}
	EndProjectSection
EndProject
Project("{FAE04EC0-301F-11D3-BF4B-00C04F79EFBC}") = "MotionAgent", "MotionAgent\MotionAgent.csproj", "{DA6EE57F-3C17-4BD1-9FE1-A01302A1F21F}"
	ProjectSection(ProjectDependencies) = postProject
		{FDDD3E6A-6FB0-4CB3-B484-F027D7A86B41} = {FDDD3E6A-6FB0-4CB3-B484-F027D7A86B41}
		{F65BF475-A092-4C3F-BCA5-48ACC02576D8} = {F65BF475-A092-4C3F-BCA5-48ACC02576D8}
		{56FC8E96-5E68-45D0-8081-3B9A76D02780} = {56FC8E96-5E68-45D0-8081-3B9A76D02780}
		{7B7DE3DB-5828-4297-806C-1BC30ACDF247} = {7B7DE3DB-5828-4297-806C-1BC30ACDF247}
	EndProjectSection
EndProject
Project("{FAE04EC0-301F-11D3-BF4B-00C04F79EFBC}") = "SerialAgent", "SerialAgent\SerialAgent.csproj", "{B7C6F5BE-A5DE-450B-B45B-27F31594558D}"
	ProjectSection(ProjectDependencies) = postProject
		{FDDD3E6A-6FB0-4CB3-B484-F027D7A86B41} = {FDDD3E6A-6FB0-4CB3-B484-F027D7A86B41}
	EndProjectSection
EndProject
Global
	GlobalSection(SolutionConfigurationPlatforms) = preSolution
		Debug|Any CPU = Debug|Any CPU
		Debug|x64 = Debug|x64
		Release|Any CPU = Release|Any CPU
		Release|x64 = Release|x64
	EndGlobalSection
	GlobalSection(ProjectConfigurationPlatforms) = postSolution
		{60DC4B28-CA19-4E63-B0DF-CAC112EA44E1}.Debug|Any CPU.ActiveCfg = Debug|Any CPU
		{60DC4B28-CA19-4E63-B0DF-CAC112EA44E1}.Debug|Any CPU.Build.0 = Debug|Any CPU
		{60DC4B28-CA19-4E63-B0DF-CAC112EA44E1}.Debug|x64.ActiveCfg = Debug|x64
		{60DC4B28-CA19-4E63-B0DF-CAC112EA44E1}.Debug|x64.Build.0 = Debug|x64
		{60DC4B28-CA19-4E63-B0DF-CAC112EA44E1}.Release|Any CPU.ActiveCfg = Release|Any CPU
		{60DC4B28-CA19-4E63-B0DF-CAC112EA44E1}.Release|Any CPU.Build.0 = Release|Any CPU
		{60DC4B28-CA19-4E63-B0DF-CAC112EA44E1}.Release|x64.ActiveCfg = Release|x64
		{60DC4B28-CA19-4E63-B0DF-CAC112EA44E1}.Release|x64.Build.0 = Release|x64
		{FDDD3E6A-6FB0-4CB3-B484-F027D7A86B41}.Debug|Any CPU.ActiveCfg = Debug|Any CPU
		{FDDD3E6A-6FB0-4CB3-B484-F027D7A86B41}.Debug|Any CPU.Build.0 = Debug|Any CPU
		{FDDD3E6A-6FB0-4CB3-B484-F027D7A86B41}.Debug|x64.ActiveCfg = Debug|x64
		{FDDD3E6A-6FB0-4CB3-B484-F027D7A86B41}.Debug|x64.Build.0 = Debug|x64
		{FDDD3E6A-6FB0-4CB3-B484-F027D7A86B41}.Release|Any CPU.ActiveCfg = Release|Any CPU
		{FDDD3E6A-6FB0-4CB3-B484-F027D7A86B41}.Release|Any CPU.Build.0 = Release|Any CPU
		{FDDD3E6A-6FB0-4CB3-B484-F027D7A86B41}.Release|x64.ActiveCfg = Release|x64
		{FDDD3E6A-6FB0-4CB3-B484-F027D7A86B41}.Release|x64.Build.0 = Release|x64
		{7B7DE3DB-5828-4297-806C-1BC30ACDF247}.Debug|Any CPU.ActiveCfg = Debug|Any CPU
		{7B7DE3DB-5828-4297-806C-1BC30ACDF247}.Debug|Any CPU.Build.0 = Debug|Any CPU
		{7B7DE3DB-5828-4297-806C-1BC30ACDF247}.Debug|x64.ActiveCfg = Debug|x64
		{7B7DE3DB-5828-4297-806C-1BC30ACDF247}.Debug|x64.Build.0 = Debug|x64
		{7B7DE3DB-5828-4297-806C-1BC30ACDF247}.Release|Any CPU.ActiveCfg = Release|Any CPU
		{7B7DE3DB-5828-4297-806C-1BC30ACDF247}.Release|Any CPU.Build.0 = Release|Any CPU
		{7B7DE3DB-5828-4297-806C-1BC30ACDF247}.Release|x64.ActiveCfg = Release|x64
		{7B7DE3DB-5828-4297-806C-1BC30ACDF247}.Release|x64.Build.0 = Release|x64
		{C57AA706-A7E7-4E15-8D1E-7664E74AEEB6}.Debug|Any CPU.ActiveCfg = Debug|Any CPU
		{C57AA706-A7E7-4E15-8D1E-7664E74AEEB6}.Debug|Any CPU.Build.0 = Debug|Any CPU
		{C57AA706-A7E7-4E15-8D1E-7664E74AEEB6}.Debug|x64.ActiveCfg = Debug|x64
		{C57AA706-A7E7-4E15-8D1E-7664E74AEEB6}.Debug|x64.Build.0 = Debug|x64
		{C57AA706-A7E7-4E15-8D1E-7664E74AEEB6}.Release|Any CPU.ActiveCfg = Release|Any CPU
		{C57AA706-A7E7-4E15-8D1E-7664E74AEEB6}.Release|Any CPU.Build.0 = Release|Any CPU
		{C57AA706-A7E7-4E15-8D1E-7664E74AEEB6}.Release|x64.ActiveCfg = Release|x64
		{C57AA706-A7E7-4E15-8D1E-7664E74AEEB6}.Release|x64.Build.0 = Release|x64
		{EFAAD1F2-A8B2-408B-96D5-A0CC2300AEE1}.Debug|Any CPU.ActiveCfg = Debug|Any CPU
		{EFAAD1F2-A8B2-408B-96D5-A0CC2300AEE1}.Debug|Any CPU.Build.0 = Debug|Any CPU
		{EFAAD1F2-A8B2-408B-96D5-A0CC2300AEE1}.Debug|x64.ActiveCfg = Debug|x64
		{EFAAD1F2-A8B2-408B-96D5-A0CC2300AEE1}.Debug|x64.Build.0 = Debug|x64
		{EFAAD1F2-A8B2-408B-96D5-A0CC2300AEE1}.Release|Any CPU.ActiveCfg = Release|Any CPU
		{EFAAD1F2-A8B2-408B-96D5-A0CC2300AEE1}.Release|Any CPU.Build.0 = Release|Any CPU
		{EFAAD1F2-A8B2-408B-96D5-A0CC2300AEE1}.Release|x64.ActiveCfg = Release|x64
		{EFAAD1F2-A8B2-408B-96D5-A0CC2300AEE1}.Release|x64.Build.0 = Release|x64
		{F65BF475-A092-4C3F-BCA5-48ACC02576D8}.Debug|Any CPU.ActiveCfg = Debug|Any CPU
		{F65BF475-A092-4C3F-BCA5-48ACC02576D8}.Debug|Any CPU.Build.0 = Debug|Any CPU
		{F65BF475-A092-4C3F-BCA5-48ACC02576D8}.Debug|x64.ActiveCfg = Debug|x64
		{F65BF475-A092-4C3F-BCA5-48ACC02576D8}.Debug|x64.Build.0 = Debug|x64
		{F65BF475-A092-4C3F-BCA5-48ACC02576D8}.Release|Any CPU.ActiveCfg = Release|Any CPU
		{F65BF475-A092-4C3F-BCA5-48ACC02576D8}.Release|Any CPU.Build.0 = Release|Any CPU
		{F65BF475-A092-4C3F-BCA5-48ACC02576D8}.Release|x64.ActiveCfg = Release|x64
		{F65BF475-A092-4C3F-BCA5-48ACC02576D8}.Release|x64.Build.0 = Release|x64
		{56FC8E96-5E68-45D0-8081-3B9A76D02780}.Debug|Any CPU.ActiveCfg = Debug|Any CPU
		{56FC8E96-5E68-45D0-8081-3B9A76D02780}.Debug|Any CPU.Build.0 = Debug|Any CPU
		{56FC8E96-5E68-45D0-8081-3B9A76D02780}.Debug|x64.ActiveCfg = Debug|x64
		{56FC8E96-5E68-45D0-8081-3B9A76D02780}.Debug|x64.Build.0 = Debug|x64
		{56FC8E96-5E68-45D0-8081-3B9A76D02780}.Release|Any CPU.ActiveCfg = Release|Any CPU
		{56FC8E96-5E68-45D0-8081-3B9A76D02780}.Release|Any CPU.Build.0 = Release|Any CPU
		{56FC8E96-5E68-45D0-8081-3B9A76D02780}.Release|x64.ActiveCfg = Release|x64
		{56FC8E96-5E68-45D0-8081-3B9A76D02780}.Release|x64.Build.0 = Release|x64
		{DA6EE57F-3C17-4BD1-9FE1-A01302A1F21F}.Debug|Any CPU.ActiveCfg = Debug|Any CPU
		{DA6EE57F-3C17-4BD1-9FE1-A01302A1F21F}.Debug|Any CPU.Build.0 = Debug|Any CPU
		{DA6EE57F-3C17-4BD1-9FE1-A01302A1F21F}.Debug|x64.ActiveCfg = Debug|x64
		{DA6EE57F-3C17-4BD1-9FE1-A01302A1F21F}.Debug|x64.Build.0 = Debug|x64
		{DA6EE57F-3C17-4BD1-9FE1-A01302A1F21F}.Release|Any CPU.ActiveCfg = Release|Any CPU
		{DA6EE57F-3C17-4BD1-9FE1-A01302A1F21F}.Release|Any CPU.Build.0 = Release|Any CPU
		{DA6EE57F-3C17-4BD1-9FE1-A01302A1F21F}.Release|x64.ActiveCfg = Release|x64
		{DA6EE57F-3C17-4BD1-9FE1-A01302A1F21F}.Release|x64.Build.0 = Release|x64
		{B7C6F5BE-A5DE-450B-B45B-27F31594558D}.Debug|Any CPU.ActiveCfg = Debug|Any CPU
		{B7C6F5BE-A5DE-450B-B45B-27F31594558D}.Debug|Any CPU.Build.0 = Debug|Any CPU
		{B7C6F5BE-A5DE-450B-B45B-27F31594558D}.Debug|x64.ActiveCfg = Debug|x64
		{B7C6F5BE-A5DE-450B-B45B-27F31594558D}.Debug|x64.Build.0 = Debug|x64
		{B7C6F5BE-A5DE-450B-B45B-27F31594558D}.Release|Any CPU.ActiveCfg = Release|Any CPU
		{B7C6F5BE-A5DE-450B-B45B-27F31594558D}.Release|Any CPU.Build.0 = Release|Any CPU
		{B7C6F5BE-A5DE-450B-B45B-27F31594558D}.Release|x64.ActiveCfg = Release|x64
		{B7C6F5BE-A5DE-450B-B45B-27F31594558D}.Release|x64.Build.0 = Release|x64
	EndGlobalSection
	GlobalSection(SolutionProperties) = preSolution
		HideSolutionNode = FALSE
	EndGlobalSection
EndGlobal
